<Solution>
  <Project Path="(1-7)task2/(1-7)task2.csproj" Id="89174a1e-119e-4207-acc0-7ca781126c17" />
  <Project Path="../(1-7) task 1/(1-7) task 1.csproj" Id="9c475bd0-200b-4114-9090-4fad72a5d9ec" />
  <Project Path="../(1-7) task 4/(1-7) task 4.csproj" Id="45091cca-ff5c-4178-946a-28d0310a7c32" />
  <Project Path="../(1-7) task 8/(1-7) task 8.csproj" Id="b525fbba-7c8c-489b-8b5d-feeba3744440" />
  <Project Path="../(1-7)task 5/(1-7)task 5.csproj" Id="a6a458d1-df7f-485c-a287-2a0a520849ec" />
  <Project Path="../(1-7)task 6/(1-7)task 6.csproj" Id="2a0f204c-bfc2-4d4b-9e41-38f23d732937" />
  <Project Path="../(1-7)task 7/(1-7)task 7.csproj" Id="2b0e6a28-5196-4b71-a061-79ffb443284c" />
  <Project Path="sparktocode_tasks.csproj" />
</Solution>
