<Solution>
  <Project Path="(1-7) task 11/(1-7) task 11.csproj" Id="d1705a44-41c7-4623-b869-68326143df1d" />
  <Project Path="(1-7)task 12/(1-7)task 12.csproj" Id="3a5828ae-00b6-4ef0-a546-69ba099bd830" />
  <Project Path="(1-7)task 13/(1-7)task 13.csproj" Id="3f5c5848-b061-41f4-b172-ef0840b8cb2d" />
  <Project Path="(1-7)task2/(1-7)task2.csproj" Id="89174a1e-119e-4207-acc0-7ca781126c17" />
  <Project Path="../(1-7) task 1/(1-7) task 1.csproj" Id="9c475bd0-200b-4114-9090-4fad72a5d9ec" />
  <Project Path="../(1-7) task 10/(1-7) task 10.csproj" Id="8a574ff6-408c-4c44-9b49-1eb8423466ad" />
  <Project Path="../(1-7) task 4/(1-7) task 4.csproj" Id="45091cca-ff5c-4178-946a-28d0310a7c32" />
  <Project Path="../(1-7) task 8/(1-7) task 8.csproj" Id="b525fbba-7c8c-489b-8b5d-feeba3744440" />
  <Project Path="../(1-7)task 5/(1-7)task 5.csproj" Id="a6a458d1-df7f-485c-a287-2a0a520849ec" />
  <Project Path="../(1-7)task 6/(1-7)task 6.csproj" Id="2a0f204c-bfc2-4d4b-9e41-38f23d732937" />
  <Project Path="../(1-7)task 7/(1-7)task 7.csproj" Id="2b0e6a28-5196-4b71-a061-79ffb443284c" />
  <Project Path="../(1-7)task 9/(1-7)task 9.csproj" Id="811d3268-9182-41e4-98e8-1e6d6b6a6594" />
  <Project Path="sparktocode_tasks.csproj" />
</Solution>
