<Solution>
  <Folder Name="/Solution Items/">
    <File Path="databasetask1/airport.jpeg" />
    <File Path="databasetask1/College.jpeg" />
    <File Path="databasetask1/Company.jpeg" />
  </Folder>
  <Project Path="(1-7) task 11/(1-7) task 11.csproj" Id="d1705a44-41c7-4623-b869-68326143df1d" />
  <Project Path="(1-7) task 15/(1-7) task 15.csproj" Id="4383c435-ed82-4a65-ab71-a9b4a628345d" />
  <Project Path="(1-7)task 12/(1-7)task 12.csproj" Id="3a5828ae-00b6-4ef0-a546-69ba099bd830" />
  <Project Path="(1-7)task 13/(1-7)task 13.csproj" Id="3f5c5848-b061-41f4-b172-ef0840b8cb2d" />
  <Project Path="(1-7)task 14/(1-7)task 14.csproj" Id="fc91c144-bfb2-44df-8f69-eff94290d338" />
  <Project Path="(1-7)task2/(1-7)task2.csproj" Id="89174a1e-119e-4207-acc0-7ca781126c17" />
  <Project Path="(12-7)OOP1/(12-7)OOP1.csproj" Id="0f208f74-5728-4b44-aebc-078f5cc1fdff" />
  <Project Path="(14-7)HotelManagementSystem/(14-7)HotelManagementSystem.csproj" Id="84d79ec9-04f9-4410-80a4-94cd92d6eb8b" />
  <Project Path="(2-7) task 6/(2-7) task 6.csproj" Id="15278bdb-d577-4116-8dff-c1804bad674b" />
  <Project Path="(2-7) task4/(2-7) task4.csproj" Id="84ade862-1ebd-4e2b-addb-295db0edb6cb" />
  <Project Path="(2-7)task 2/(2-7)task 2.csproj" Id="894c866d-859b-4f2b-85ee-2e0576cc058c" />
  <Project Path="(2-7)task 3/(2-7)task 3.csproj" Id="37837f60-f38d-4548-b3b5-a1b9a2491246" />
  <Project Path="(2-7)task 5/(2-7)task 5.csproj" Id="69ff9ef2-3a01-4d35-8501-f945f1902119" />
  <Project Path="(2-7)task 7/(2-7)task 7.csproj" Id="2f6696ee-e088-444a-8021-00e445679088" />
  <Project Path="(2-7)task 8/(2-7)task 8.csproj" Id="9181bd53-8458-493d-ae8d-25f365f1856d" />
  <Project Path="(2-7)task 9/(2-7)task 9.csproj" Id="f3e830fd-2fdc-48d7-bffd-e8043201d982" />
  <Project Path="(2-7)task1/(2-7)task1.csproj" Id="843fcc32-a0cb-401b-83b1-73be74209c3c" />
  <Project Path="(2-7)task10/(2-7)task10.csproj" Id="b6c89d1f-7244-43f6-932e-080cf8675f41" />
  <Project Path="(5-7)CsharpFunctions/(5-7)CsharpFunctions.csproj" Id="89454147-8f41-4c91-8323-134d92775637" />
  <Project Path="(6-7)CsharpFunctions/(6-7)CsharpFunctions.csproj" Id="ac3a66c6-0055-480b-98b0-c659feeb81a7" />
  <Project Path="(7-7)DataCollections/(7-7)DataCollections.csproj" Id="e59c70b4-b4a4-4f2e-84bf-e09b1df0ad75" />
  <Project Path="../(1-7) task 1/(1-7) task 1.csproj" Id="9c475bd0-200b-4114-9090-4fad72a5d9ec" />
  <Project Path="../(1-7) task 10/(1-7) task 10.csproj" Id="8a574ff6-408c-4c44-9b49-1eb8423466ad" />
  <Project Path="../(1-7) task 4/(1-7) task 4.csproj" Id="45091cca-ff5c-4178-946a-28d0310a7c32" />
  <Project Path="../(1-7) task 8/(1-7) task 8.csproj" Id="b525fbba-7c8c-489b-8b5d-feeba3744440" />
  <Project Path="../(1-7)task 5/(1-7)task 5.csproj" Id="a6a458d1-df7f-485c-a287-2a0a520849ec" />
  <Project Path="../(1-7)task 6/(1-7)task 6.csproj" Id="2a0f204c-bfc2-4d4b-9e41-38f23d732937" />
  <Project Path="../(1-7)task 7/(1-7)task 7.csproj" Id="2b0e6a28-5196-4b71-a061-79ffb443284c" />
  <Project Path="../(1-7)task 9/(1-7)task 9.csproj" Id="811d3268-9182-41e4-98e8-1e6d6b6a6594" />
  <Project Path="BankingManagementConsoleApp/BankingManagementConsoleApp.csproj" Id="962a25f1-eb09-4996-8004-0fd132842c69" />
  <Project Path="sparktocode_tasks.csproj" />
</Solution>
